# Generated by buf. DO NOT EDIT.
version: v2
deps:
  - name: buf.build/googleapis/googleapis
    commit: 004180b77378443887d3b55cabc00384
    digest: b5:e8f475fe3330f31f5fd86ac689093bcd274e19611a09db91f41d637cb9197881ce89882b94d13a58738e53c91c6e4bae7dc1feba85f590164c975a89e25115dc
  - name: buf.build/menta2k-org/redact
    commit: 73f00ca72edd49c59516729b8d95ff99
    digest: b5:200ed59c451e8a1169753b614f0109a1faf9e8ca0df0cf5bcc71b4ca6a7d1391672e1a08ccf50586a792375a786dbaeb835e5aae9f44c43d5f26d817c5bb8e63
